
Microsoft Visual Studio Solution File, Format Version 12.00
# Visual Studio Version 17
VisualStudioVersion = 17.5.33530.505
MinimumVisualStudioVersion = 10.0.40219.1
Project("{9A19103F-16F7-4668-BE54-9A1E7A4F7556}") = "TangyWeb_Server", "TangyWeb_Server\TangyWeb_Server.csproj", "{DBC57537-1045-42CA-ACC9-932D78167B5C}"
EndProject
Project("{9A19103F-16F7-4668-BE54-9A1E7A4F7556}") = "TangyWeb_Client", "TangyWeb_Client\TangyWeb_Client.csproj", "{32698854-3724-4E2F-A7BF-205B89497F6C}"
EndProject
Project("{9A19103F-16F7-4668-BE54-9A1E7A4F7556}") = "Tangy_Models", "Tangy_Models\Tangy_Models.csproj", "{F966C7E5-9588-4A48-B0B3-1D8EB30E9B3C}"
EndProject
Project("{FAE04EC0-301F-11D3-BF4B-00C04F79EFBC}") = "Tangy_Business", "Tangy_Business\Tangy_Business.csproj", "{DB1DD54C-7A2B-4953-8DCF-4B154DC6957D}"
EndProject
Project("{FAE04EC0-301F-11D3-BF4B-00C04F79EFBC}") = "Tangy_Common", "Tangy_Common\Tangy_Common.csproj", "{81507B2B-5B13-4D4E-8A7D-3938E24DE9EB}"
EndProject
Project("{FAE04EC0-301F-11D3-BF4B-00C04F79EFBC}") = "Tany_DataAccess", "Tany_DataAccess\Tany_DataAccess.csproj", "{E29A0DEF-9B2A-4D5F-A0B9-D63B6C226909}"
EndProject
Global
	GlobalSection(SolutionConfigurationPlatforms) = preSolution
		Debug|Any CPU = Debug|Any CPU
		Release|Any CPU = Release|Any CPU
	EndGlobalSection
	GlobalSection(ProjectConfigurationPlatforms) = postSolution
		{DBC57537-1045-42CA-ACC9-932D78167B5C}.Debug|Any CPU.ActiveCfg = Debug|Any CPU
		{DBC57537-1045-42CA-ACC9-932D78167B5C}.Debug|Any CPU.Build.0 = Debug|Any CPU
		{DBC57537-1045-42CA-ACC9-932D78167B5C}.Release|Any CPU.ActiveCfg = Release|Any CPU
		{DBC57537-1045-42CA-ACC9-932D78167B5C}.Release|Any CPU.Build.0 = Release|Any CPU
		{32698854-3724-4E2F-A7BF-205B89497F6C}.Debug|Any CPU.ActiveCfg = Debug|Any CPU
		{32698854-3724-4E2F-A7BF-205B89497F6C}.Debug|Any CPU.Build.0 = Debug|Any CPU
		{32698854-3724-4E2F-A7BF-205B89497F6C}.Release|Any CPU.ActiveCfg = Release|Any CPU
		{32698854-3724-4E2F-A7BF-205B89497F6C}.Release|Any CPU.Build.0 = Release|Any CPU
		{F966C7E5-9588-4A48-B0B3-1D8EB30E9B3C}.Debug|Any CPU.ActiveCfg = Debug|Any CPU
		{F966C7E5-9588-4A48-B0B3-1D8EB30E9B3C}.Debug|Any CPU.Build.0 = Debug|Any CPU
		{F966C7E5-9588-4A48-B0B3-1D8EB30E9B3C}.Release|Any CPU.ActiveCfg = Release|Any CPU
		{F966C7E5-9588-4A48-B0B3-1D8EB30E9B3C}.Release|Any CPU.Build.0 = Release|Any CPU
		{DB1DD54C-7A2B-4953-8DCF-4B154DC6957D}.Debug|Any CPU.ActiveCfg = Debug|Any CPU
		{DB1DD54C-7A2B-4953-8DCF-4B154DC6957D}.Debug|Any CPU.Build.0 = Debug|Any CPU
		{DB1DD54C-7A2B-4953-8DCF-4B154DC6957D}.Release|Any CPU.ActiveCfg = Release|Any CPU
		{DB1DD54C-7A2B-4953-8DCF-4B154DC6957D}.Release|Any CPU.Build.0 = Release|Any CPU
		{81507B2B-5B13-4D4E-8A7D-3938E24DE9EB}.Debug|Any CPU.ActiveCfg = Debug|Any CPU
		{81507B2B-5B13-4D4E-8A7D-3938E24DE9EB}.Debug|Any CPU.Build.0 = Debug|Any CPU
		{81507B2B-5B13-4D4E-8A7D-3938E24DE9EB}.Release|Any CPU.ActiveCfg = Release|Any CPU
		{81507B2B-5B13-4D4E-8A7D-3938E24DE9EB}.Release|Any CPU.Build.0 = Release|Any CPU
		{E29A0DEF-9B2A-4D5F-A0B9-D63B6C226909}.Debug|Any CPU.ActiveCfg = Debug|Any CPU
		{E29A0DEF-9B2A-4D5F-A0B9-D63B6C226909}.Debug|Any CPU.Build.0 = Debug|Any CPU
		{E29A0DEF-9B2A-4D5F-A0B9-D63B6C226909}.Release|Any CPU.ActiveCfg = Release|Any CPU
		{E29A0DEF-9B2A-4D5F-A0B9-D63B6C226909}.Release|Any CPU.Build.0 = Release|Any CPU
	EndGlobalSection
	GlobalSection(SolutionProperties) = preSolution
		HideSolutionNode = FALSE
	EndGlobalSection
	GlobalSection(ExtensibilityGlobals) = postSolution
		SolutionGuid = {27D03B2E-5972-4E13-B6DB-FC76E133F277}
	EndGlobalSection
EndGlobal
